
Microsoft Visual Studio Solution File, Format Version 12.00
Project("{FAE04EC0-301F-11D3-BF4B-00C04F79EFBC}") = "AlgoTester.WordGame2", "AlgoTester.WordGame2\AlgoTester.WordGame2.csproj", "{049AE588-1777-42E0-8D7D-58AC0769D055}"
EndProject
Project("{FAE04EC0-301F-11D3-BF4B-00C04F79EFBC}") = "AlgoTester.Helpers", "AlgoTester.Helpers\AlgoTester.Helpers.csproj", "{45FC1373-A65F-454F-865D-C7CC6B5803A2}"
EndProject
Project("{FAE04EC0-301F-11D3-BF4B-00C04F79EFBC}") = "AlgoTester.End", "AlgoTester.End\AlgoTester.End.csproj", "{25D16266-0A32-420D-85B0-0D8EE11810EE}"
EndProject
Project("{FAE04EC0-301F-11D3-BF4B-00C04F79EFBC}") = "AlgoTester.Trilandia", "AlgoTester.Trilandia\AlgoTester.Trilandia.csproj", "{7C17C50C-2F39-4A45-B57F-CD6CAF482083}"
EndProject
Project("{FAE04EC0-301F-11D3-BF4B-00C04F79EFBC}") = "AlgoTester.ToiletMan", "AlgoTester.ToiletMan\AlgoTester.ToiletMan.csproj", "{2B015606-0040-41F1-BA1E-2D015F94550E}"
EndProject
Project("{FAE04EC0-301F-11D3-BF4B-00C04F79EFBC}") = "AlgoTester.VacuumCleaner", "AlgoTester.VacuumCleaner\AlgoTester.VacuumCleaner.csproj", "{D1379C3D-76D7-40BB-972A-F270DB8576FD}"
EndProject
Project("{FAE04EC0-301F-11D3-BF4B-00C04F79EFBC}") = "AlgoTester.CenterOfEarth", "AlgoTester.CenterOfEarth\AlgoTester.CenterOfEarth.csproj", "{7AE62D9D-400F-4BAC-B895-15C5D590AC8E}"
EndProject
Project("{FAE04EC0-301F-11D3-BF4B-00C04F79EFBC}") = "AlgoTester.Spam", "AlgoTester.Spam\AlgoTester.Spam.csproj", "{B82642C7-1FFF-4A71-B3F5-F40A5A22D509}"
EndProject
Project("{FAE04EC0-301F-11D3-BF4B-00C04F79EFBC}") = "AlgoTester.Lab", "AlgoTester.Lab\AlgoTester.Lab.csproj", "{ED2B8FD9-E40D-402C-9F5E-E636E26C9D57}"
EndProject
Project("{FAE04EC0-301F-11D3-BF4B-00C04F79EFBC}") = "AlgoTester.Knn", "AlgoTester.Knn\AlgoTester.Knn.csproj", "{FFF9E5A1-9970-46D5-B334-9DF3C7E7E579}"
EndProject
Project("{FAE04EC0-301F-11D3-BF4B-00C04F79EFBC}") = "AlgoTester.CenterOfLines", "AlgoTester.CenterOfLines\AlgoTester.CenterOfLines.csproj", "{4BE278FE-7205-42F1-81BF-25D36E0E0A02}"
EndProject
Project("{FAE04EC0-301F-11D3-BF4B-00C04F79EFBC}") = "AlgoTester.HardChoice", "AlgoTester.HardChoice\AlgoTester.HardChoice.csproj", "{57AC9A3E-65E1-4F11-8328-B1F92802D73C}"
EndProject
Project("{FAE04EC0-301F-11D3-BF4B-00C04F79EFBC}") = "AlgoTester.Lidar", "AlgoTester.Lidar\AlgoTester.Lidar.csproj", "{CEDFC19D-8C7C-4BAE-8B7B-CA25730ADFE4}"
EndProject
Global
	GlobalSection(SolutionConfigurationPlatforms) = preSolution
		Debug|Any CPU = Debug|Any CPU
		Release|Any CPU = Release|Any CPU
	EndGlobalSection
	GlobalSection(ProjectConfigurationPlatforms) = postSolution
		{049AE588-1777-42E0-8D7D-58AC0769D055}.Debug|Any CPU.ActiveCfg = Debug|Any CPU
		{049AE588-1777-42E0-8D7D-58AC0769D055}.Debug|Any CPU.Build.0 = Debug|Any CPU
		{049AE588-1777-42E0-8D7D-58AC0769D055}.Release|Any CPU.ActiveCfg = Release|Any CPU
		{049AE588-1777-42E0-8D7D-58AC0769D055}.Release|Any CPU.Build.0 = Release|Any CPU
		{45FC1373-A65F-454F-865D-C7CC6B5803A2}.Debug|Any CPU.ActiveCfg = Debug|Any CPU
		{45FC1373-A65F-454F-865D-C7CC6B5803A2}.Debug|Any CPU.Build.0 = Debug|Any CPU
		{45FC1373-A65F-454F-865D-C7CC6B5803A2}.Release|Any CPU.ActiveCfg = Release|Any CPU
		{45FC1373-A65F-454F-865D-C7CC6B5803A2}.Release|Any CPU.Build.0 = Release|Any CPU
		{25D16266-0A32-420D-85B0-0D8EE11810EE}.Debug|Any CPU.ActiveCfg = Debug|Any CPU
		{25D16266-0A32-420D-85B0-0D8EE11810EE}.Debug|Any CPU.Build.0 = Debug|Any CPU
		{25D16266-0A32-420D-85B0-0D8EE11810EE}.Release|Any CPU.ActiveCfg = Release|Any CPU
		{25D16266-0A32-420D-85B0-0D8EE11810EE}.Release|Any CPU.Build.0 = Release|Any CPU
		{7C17C50C-2F39-4A45-B57F-CD6CAF482083}.Debug|Any CPU.ActiveCfg = Debug|Any CPU
		{7C17C50C-2F39-4A45-B57F-CD6CAF482083}.Debug|Any CPU.Build.0 = Debug|Any CPU
		{7C17C50C-2F39-4A45-B57F-CD6CAF482083}.Release|Any CPU.ActiveCfg = Release|Any CPU
		{7C17C50C-2F39-4A45-B57F-CD6CAF482083}.Release|Any CPU.Build.0 = Release|Any CPU
		{2B015606-0040-41F1-BA1E-2D015F94550E}.Debug|Any CPU.ActiveCfg = Debug|Any CPU
		{2B015606-0040-41F1-BA1E-2D015F94550E}.Debug|Any CPU.Build.0 = Debug|Any CPU
		{2B015606-0040-41F1-BA1E-2D015F94550E}.Release|Any CPU.ActiveCfg = Release|Any CPU
		{2B015606-0040-41F1-BA1E-2D015F94550E}.Release|Any CPU.Build.0 = Release|Any CPU
		{D1379C3D-76D7-40BB-972A-F270DB8576FD}.Debug|Any CPU.ActiveCfg = Debug|Any CPU
		{D1379C3D-76D7-40BB-972A-F270DB8576FD}.Debug|Any CPU.Build.0 = Debug|Any CPU
		{D1379C3D-76D7-40BB-972A-F270DB8576FD}.Release|Any CPU.ActiveCfg = Release|Any CPU
		{D1379C3D-76D7-40BB-972A-F270DB8576FD}.Release|Any CPU.Build.0 = Release|Any CPU
		{7AE62D9D-400F-4BAC-B895-15C5D590AC8E}.Debug|Any CPU.ActiveCfg = Debug|Any CPU
		{7AE62D9D-400F-4BAC-B895-15C5D590AC8E}.Debug|Any CPU.Build.0 = Debug|Any CPU
		{7AE62D9D-400F-4BAC-B895-15C5D590AC8E}.Release|Any CPU.ActiveCfg = Release|Any CPU
		{7AE62D9D-400F-4BAC-B895-15C5D590AC8E}.Release|Any CPU.Build.0 = Release|Any CPU
		{B82642C7-1FFF-4A71-B3F5-F40A5A22D509}.Debug|Any CPU.ActiveCfg = Debug|Any CPU
		{B82642C7-1FFF-4A71-B3F5-F40A5A22D509}.Debug|Any CPU.Build.0 = Debug|Any CPU
		{B82642C7-1FFF-4A71-B3F5-F40A5A22D509}.Release|Any CPU.ActiveCfg = Release|Any CPU
		{B82642C7-1FFF-4A71-B3F5-F40A5A22D509}.Release|Any CPU.Build.0 = Release|Any CPU
		{ED2B8FD9-E40D-402C-9F5E-E636E26C9D57}.Debug|Any CPU.ActiveCfg = Debug|Any CPU
		{ED2B8FD9-E40D-402C-9F5E-E636E26C9D57}.Debug|Any CPU.Build.0 = Debug|Any CPU
		{ED2B8FD9-E40D-402C-9F5E-E636E26C9D57}.Release|Any CPU.ActiveCfg = Release|Any CPU
		{ED2B8FD9-E40D-402C-9F5E-E636E26C9D57}.Release|Any CPU.Build.0 = Release|Any CPU
		{FFF9E5A1-9970-46D5-B334-9DF3C7E7E579}.Debug|Any CPU.ActiveCfg = Debug|Any CPU
		{FFF9E5A1-9970-46D5-B334-9DF3C7E7E579}.Debug|Any CPU.Build.0 = Debug|Any CPU
		{FFF9E5A1-9970-46D5-B334-9DF3C7E7E579}.Release|Any CPU.ActiveCfg = Release|Any CPU
		{FFF9E5A1-9970-46D5-B334-9DF3C7E7E579}.Release|Any CPU.Build.0 = Release|Any CPU
		{4BE278FE-7205-42F1-81BF-25D36E0E0A02}.Debug|Any CPU.ActiveCfg = Debug|Any CPU
		{4BE278FE-7205-42F1-81BF-25D36E0E0A02}.Debug|Any CPU.Build.0 = Debug|Any CPU
		{4BE278FE-7205-42F1-81BF-25D36E0E0A02}.Release|Any CPU.ActiveCfg = Release|Any CPU
		{4BE278FE-7205-42F1-81BF-25D36E0E0A02}.Release|Any CPU.Build.0 = Release|Any CPU
		{57AC9A3E-65E1-4F11-8328-B1F92802D73C}.Debug|Any CPU.ActiveCfg = Debug|Any CPU
		{57AC9A3E-65E1-4F11-8328-B1F92802D73C}.Debug|Any CPU.Build.0 = Debug|Any CPU
		{57AC9A3E-65E1-4F11-8328-B1F92802D73C}.Release|Any CPU.ActiveCfg = Release|Any CPU
		{57AC9A3E-65E1-4F11-8328-B1F92802D73C}.Release|Any CPU.Build.0 = Release|Any CPU
		{CEDFC19D-8C7C-4BAE-8B7B-CA25730ADFE4}.Debug|Any CPU.ActiveCfg = Debug|Any CPU
		{CEDFC19D-8C7C-4BAE-8B7B-CA25730ADFE4}.Debug|Any CPU.Build.0 = Debug|Any CPU
		{CEDFC19D-8C7C-4BAE-8B7B-CA25730ADFE4}.Release|Any CPU.ActiveCfg = Release|Any CPU
		{CEDFC19D-8C7C-4BAE-8B7B-CA25730ADFE4}.Release|Any CPU.Build.0 = Release|Any CPU
	EndGlobalSection
EndGlobal
